
Microsoft Visual Studio Solution File, Format Version 12.00
# Visual Studio 15
Project("{FAE04EC0-301F-11D3-BF4B-00C04F79EFBC}") = "UnityEngine.UI", "UnityEngine.UI.csproj", "{B4B7ACB1-01A9-D3A2-46AD-C8FDC02D7C90}"
EndProject
Project("{FAE04EC0-301F-11D3-BF4B-00C04F79EFBC}") = "Unity.RenderPipelines.Core.Runtime", "Unity.RenderPipelines.Core.Runtime.csproj", "{97DE2FC8-57BE-2B16-61FE-338C227F67C8}"
EndProject
Project("{FAE04EC0-301F-11D3-BF4B-00C04F79EFBC}") = "UnityEngine.TestRunner", "UnityEngine.TestRunner.csproj", "{D0915B05-5F10-2743-AFB1-805440C0866A}"
EndProject
Project("{FAE04EC0-301F-11D3-BF4B-00C04F79EFBC}") = "Unity.InputSystem", "Unity.InputSystem.csproj", "{BDBB1BF3-6882-C838-9A80-1CF7AB3D5DDC}"
EndProject
Project("{FAE04EC0-301F-11D3-BF4B-00C04F79EFBC}") = "Unity.VisualScripting.State", "Unity.VisualScripting.State.csproj", "{1A92398C-379C-EF7A-1BBD-F93355F7ED18}"
EndProject
Project("{FAE04EC0-301F-11D3-BF4B-00C04F79EFBC}") = "Unity.RenderPipelines.Universal.Runtime", "Unity.RenderPipelines.Universal.Runtime.csproj", "{67985518-E2F9-3C88-2CF6-CD2493A1AABA}"
EndProject
Project("{FAE04EC0-301F-11D3-BF4B-00C04F79EFBC}") = "Unity.VisualScripting.Flow", "Unity.VisualScripting.Flow.csproj", "{9BC6A111-BF43-4829-A7B4-BC34C162949B}"
EndProject
Project("{FAE04EC0-301F-11D3-BF4B-00C04F79EFBC}") = "Unity.VisualScripting.Core", "Unity.VisualScripting.Core.csproj", "{DAB625A0-C8FB-4DAF-5BE4-3DBB972E5CA0}"
EndProject
Project("{FAE04EC0-301F-11D3-BF4B-00C04F79EFBC}") = "Unity.2D.Animation.Runtime", "Unity.2D.Animation.Runtime.csproj", "{11F8F973-93F7-ABB1-4E88-6E62DBED01B6}"
EndProject
Project("{FAE04EC0-301F-11D3-BF4B-00C04F79EFBC}") = "Unity.TextMeshPro", "Unity.TextMeshPro.csproj", "{28B16DDF-0CE4-40F2-CC06-6EF999AC4D98}"
EndProject
Project("{FAE04EC0-301F-11D3-BF4B-00C04F79EFBC}") = "Unity.Burst", "Unity.Burst.csproj", "{F5EB9FB2-76A8-F8AC-1302-2396D2A4A054}"
EndProject
Project("{FAE04EC0-301F-11D3-BF4B-00C04F79EFBC}") = "Assembly-CSharp", "Assembly-CSharp.csproj", "{A5AAFA1F-84A5-53C1-4FD2-7DB3372E4750}"
EndProject
Project("{FAE04EC0-301F-11D3-BF4B-00C04F79EFBC}") = "Unity.RenderPipeline.Universal.ShaderLibrary", "Unity.RenderPipeline.Universal.ShaderLibrary.csproj", "{FFB9C748-531B-86B3-A492-03BFD395E9B1}"
EndProject
Project("{FAE04EC0-301F-11D3-BF4B-00C04F79EFBC}") = "Unity.2D.SpriteShape.Runtime", "Unity.2D.SpriteShape.Runtime.csproj", "{116E4369-CB0C-7D85-7672-C048C11B811E}"
EndProject
Project("{FAE04EC0-301F-11D3-BF4B-00C04F79EFBC}") = "Unity.Timeline", "Unity.Timeline.csproj", "{055B2033-F43F-786E-F471-29C0C41FBE41}"
EndProject
Project("{FAE04EC0-301F-11D3-BF4B-00C04F79EFBC}") = "Unity.Mathematics", "Unity.Mathematics.csproj", "{77F40CBA-9695-1BC9-5FB0-52F5A780E272}"
EndProject
Project("{FAE04EC0-301F-11D3-BF4B-00C04F79EFBC}") = "Unity.2D.PixelPerfect", "Unity.2D.PixelPerfect.csproj", "{C5CF8F8A-1FC7-DDD7-E1A9-3B034BA0DAF6}"
EndProject
Project("{FAE04EC0-301F-11D3-BF4B-00C04F79EFBC}") = "Unity.2D.IK.Runtime", "Unity.2D.IK.Runtime.csproj", "{A147E843-C3C6-A49F-19A3-57A1A3FD468E}"
EndProject
Project("{FAE04EC0-301F-11D3-BF4B-00C04F79EFBC}") = "Unity.Recorder", "Unity.Recorder.csproj", "{D04A2C27-7DE1-436C-FE2F-5937461C53BA}"
EndProject
Project("{FAE04EC0-301F-11D3-BF4B-00C04F79EFBC}") = "Unity.2D.Common.Runtime", "Unity.2D.Common.Runtime.csproj", "{0042D7E1-B360-7788-7DAC-206E2EA6D0E1}"
EndProject
Project("{FAE04EC0-301F-11D3-BF4B-00C04F79EFBC}") = "Unity.2D.Tilemap.Extras", "Unity.2D.Tilemap.Extras.csproj", "{9814FAAF-1390-433F-32C0-74F08D613786}"
EndProject
Project("{FAE04EC0-301F-11D3-BF4B-00C04F79EFBC}") = "Unity.RenderPipelines.ShaderGraph.ShaderGraphLibrary", "Unity.RenderPipelines.ShaderGraph.ShaderGraphLibrary.csproj", "{3821A202-0C96-5D3B-23BA-1AD2342F02BE}"
EndProject
Project("{FAE04EC0-301F-11D3-BF4B-00C04F79EFBC}") = "Unity.InputSystem.TestFramework", "Unity.InputSystem.TestFramework.csproj", "{43EF3DEB-8684-A091-CAF0-BC92E3E44ED1}"
EndProject
Project("{FAE04EC0-301F-11D3-BF4B-00C04F79EFBC}") = "Unity.RenderPipelines.Core.ShaderLibrary", "Unity.RenderPipelines.Core.ShaderLibrary.csproj", "{16D365CD-4A82-6CF1-456A-09AA163213F6}"
EndProject
Project("{FAE04EC0-301F-11D3-BF4B-00C04F79EFBC}") = "Unity.InternalAPIEngineBridge.001", "Unity.InternalAPIEngineBridge.001.csproj", "{A308E66B-0FE1-E66C-6BAF-17F87A5BF877}"
EndProject
Project("{FAE04EC0-301F-11D3-BF4B-00C04F79EFBC}") = "Unity.Recorder.Base", "Unity.Recorder.Base.csproj", "{07A88ACC-E44E-97AE-C3CB-E1237E451A71}"
EndProject
Project("{FAE04EC0-301F-11D3-BF4B-00C04F79EFBC}") = "Unity.RenderPipelines.Universal.Shaders", "Unity.RenderPipelines.Universal.Shaders.csproj", "{C4504FEB-4EC6-FDD4-3708-C7252BDF2F25}"
EndProject
Project("{FAE04EC0-301F-11D3-BF4B-00C04F79EFBC}") = "Unity.PlasticSCM.Editor", "Unity.PlasticSCM.Editor.csproj", "{D562213B-8DFC-FC2E-8C16-840207246454}"
EndProject
Project("{FAE04EC0-301F-11D3-BF4B-00C04F79EFBC}") = "Unity.VisualScripting.Core.Editor", "Unity.VisualScripting.Core.Editor.csproj", "{337D1653-FF16-B91E-C88A-B4C074B2AD83}"
EndProject
Project("{FAE04EC0-301F-11D3-BF4B-00C04F79EFBC}") = "Unity.ShaderGraph.Editor", "Unity.ShaderGraph.Editor.csproj", "{A043EA8E-ADA1-3B8D-AEA9-0E9301F3BA8B}"
EndProject
Project("{FAE04EC0-301F-11D3-BF4B-00C04F79EFBC}") = "Unity.Timeline.Editor", "Unity.Timeline.Editor.csproj", "{996D6FE7-E988-0F20-61B2-95EA38FF2468}"
EndProject
Project("{FAE04EC0-301F-11D3-BF4B-00C04F79EFBC}") = "Unity.RenderPipelines.Universal.Editor", "Unity.RenderPipelines.Universal.Editor.csproj", "{22ABD854-F20E-505E-2164-E514726979C5}"
EndProject
Project("{FAE04EC0-301F-11D3-BF4B-00C04F79EFBC}") = "Unity.Recorder.Editor", "Unity.Recorder.Editor.csproj", "{C21D618E-005D-8FFB-17C8-6EF6F836EF26}"
EndProject
Project("{FAE04EC0-301F-11D3-BF4B-00C04F79EFBC}") = "Unity.TextMeshPro.Editor", "Unity.TextMeshPro.Editor.csproj", "{CF5033FF-0587-E3F2-13EA-DF2E2B07F965}"
EndProject
Project("{FAE04EC0-301F-11D3-BF4B-00C04F79EFBC}") = "Unity.2D.Animation.Editor", "Unity.2D.Animation.Editor.csproj", "{82A66E92-2C18-63AD-3A87-18FA15F28B75}"
EndProject
Project("{FAE04EC0-301F-11D3-BF4B-00C04F79EFBC}") = "Unity.VisualScripting.SettingsProvider.Editor", "Unity.VisualScripting.SettingsProvider.Editor.csproj", "{ECC25B26-9A0A-1540-9B16-8FED4AE02EB0}"
EndProject
Project("{FAE04EC0-301F-11D3-BF4B-00C04F79EFBC}") = "UnityEditor.TestRunner", "UnityEditor.TestRunner.csproj", "{6DC9AF70-FE14-B6FC-F8D6-7BFDF3308D39}"
EndProject
Project("{FAE04EC0-301F-11D3-BF4B-00C04F79EFBC}") = "Unity.2D.Tilemap.Editor", "Unity.2D.Tilemap.Editor.csproj", "{13A7688E-9B28-8B1E-CD22-973D56CFF8DA}"
EndProject
Project("{FAE04EC0-301F-11D3-BF4B-00C04F79EFBC}") = "Unity.VisualScripting.Flow.Editor", "Unity.VisualScripting.Flow.Editor.csproj", "{5C5947D7-12DC-EED6-152E-2B0D862D8321}"
EndProject
Project("{FAE04EC0-301F-11D3-BF4B-00C04F79EFBC}") = "Unity.Rider.Editor", "Unity.Rider.Editor.csproj", "{34F8503E-57C2-4E33-3079-626705918082}"
EndProject
Project("{FAE04EC0-301F-11D3-BF4B-00C04F79EFBC}") = "Unity.2D.Path.Editor", "Unity.2D.Path.Editor.csproj", "{2CDF249A-B55E-42DA-3BC4-3761FF289C04}"
EndProject
Project("{FAE04EC0-301F-11D3-BF4B-00C04F79EFBC}") = "PsdPlugin", "PsdPlugin.csproj", "{89E364EA-8701-6397-7283-41FF34832CB8}"
EndProject
Project("{FAE04EC0-301F-11D3-BF4B-00C04F79EFBC}") = "Unity.RenderPipelines.Core.Editor", "Unity.RenderPipelines.Core.Editor.csproj", "{FAC403C3-83FB-4087-1009-E467236E59F9}"
EndProject
Project("{FAE04EC0-301F-11D3-BF4B-00C04F79EFBC}") = "Unity.2D.SpriteShape.Editor", "Unity.2D.SpriteShape.Editor.csproj", "{AB150598-39EB-B070-2163-C24FC1BB8B12}"
EndProject
Project("{FAE04EC0-301F-11D3-BF4B-00C04F79EFBC}") = "Unity.Burst.CodeGen", "Unity.Burst.CodeGen.csproj", "{3FBDF24E-1CB0-3069-ECE6-9DA9A217397A}"
EndProject
Project("{FAE04EC0-301F-11D3-BF4B-00C04F79EFBC}") = "Unity.2D.PixelPerfect.Editor", "Unity.2D.PixelPerfect.Editor.csproj", "{3C8A435F-B44F-F2B4-41B4-E4EFEE9E1E79}"
EndProject
Project("{FAE04EC0-301F-11D3-BF4B-00C04F79EFBC}") = "Unity.VSCode.Editor", "Unity.VSCode.Editor.csproj", "{C5E5D544-B4C6-B032-CC57-F90768EDDC8D}"
EndProject
Project("{FAE04EC0-301F-11D3-BF4B-00C04F79EFBC}") = "Unity.VisualStudio.Editor", "Unity.VisualStudio.Editor.csproj", "{C84095A1-6C83-BFBC-7224-B1E499922006}"
EndProject
Project("{FAE04EC0-301F-11D3-BF4B-00C04F79EFBC}") = "Unity.Settings.Editor", "Unity.Settings.Editor.csproj", "{AB2C86CD-AC79-1AD4-3376-F6C7E8A0EC89}"
EndProject
Project("{FAE04EC0-301F-11D3-BF4B-00C04F79EFBC}") = "PPv2URPConverters", "PPv2URPConverters.csproj", "{1E8BE917-43B5-B989-5E02-7315B7F424C8}"
EndProject
Project("{FAE04EC0-301F-11D3-BF4B-00C04F79EFBC}") = "Unity.2D.Sprite.Editor", "Unity.2D.Sprite.Editor.csproj", "{A92C8E61-0523-3DE0-B732-642AC3109F7E}"
EndProject
Project("{FAE04EC0-301F-11D3-BF4B-00C04F79EFBC}") = "Unity.2D.Common.Editor", "Unity.2D.Common.Editor.csproj", "{98885344-A2FC-AAA2-874A-AB19B79C7B66}"
EndProject
Project("{FAE04EC0-301F-11D3-BF4B-00C04F79EFBC}") = "Unity.CollabProxy.Editor", "Unity.CollabProxy.Editor.csproj", "{965F7E29-B90B-CD1B-C7D4-96ACCFE66B05}"
EndProject
Project("{FAE04EC0-301F-11D3-BF4B-00C04F79EFBC}") = "Unity.2D.Psdimporter.Editor", "Unity.2D.Psdimporter.Editor.csproj", "{16A45F21-65B4-2AAF-B5D2-CD6ED42AE6D9}"
EndProject
Project("{FAE04EC0-301F-11D3-BF4B-00C04F79EFBC}") = "Unity.VisualScripting.State.Editor", "Unity.VisualScripting.State.Editor.csproj", "{9A47009A-91B6-C53F-5CAD-18288E880101}"
EndProject
Project("{FAE04EC0-301F-11D3-BF4B-00C04F79EFBC}") = "UnityEditor.UI", "UnityEditor.UI.csproj", "{413E1689-4CD8-EDEA-0DEC-C5E35203DF5A}"
EndProject
Project("{FAE04EC0-301F-11D3-BF4B-00C04F79EFBC}") = "Unity.Searcher.Editor", "Unity.Searcher.Editor.csproj", "{C0F09C79-930C-C082-F831-217BC1F6D281}"
EndProject
Project("{FAE04EC0-301F-11D3-BF4B-00C04F79EFBC}") = "Unity.Burst.Editor", "Unity.Burst.Editor.csproj", "{604F96A8-3F3A-8079-0095-4E55467227D5}"
EndProject
Project("{FAE04EC0-301F-11D3-BF4B-00C04F79EFBC}") = "Unity.2D.IK.Editor", "Unity.2D.IK.Editor.csproj", "{98299BF3-ACD4-683A-2605-B9FB4A6E0A0B}"
EndProject
Project("{FAE04EC0-301F-11D3-BF4B-00C04F79EFBC}") = "Unity.ShaderGraph.Utilities", "Unity.ShaderGraph.Utilities.csproj", "{BB96EF73-4EE6-6C56-3DE5-DAFF2EB649A4}"
EndProject
Project("{FAE04EC0-301F-11D3-BF4B-00C04F79EFBC}") = "Unity.Mathematics.Editor", "Unity.Mathematics.Editor.csproj", "{AC621A94-4567-27EF-F997-54A60593C8B4}"
EndProject
Project("{FAE04EC0-301F-11D3-BF4B-00C04F79EFBC}") = "Unity.2D.Tilemap.Extras.Editor", "Unity.2D.Tilemap.Extras.Editor.csproj", "{7530C126-E178-8A19-4284-C21EB96F0053}"
EndProject
Project("{FAE04EC0-301F-11D3-BF4B-00C04F79EFBC}") = "Unity.InternalAPIEditorBridge.001", "Unity.InternalAPIEditorBridge.001.csproj", "{797E6D96-BD51-1398-B0AA-7C2369471BBF}"
EndProject
Project("{FAE04EC0-301F-11D3-BF4B-00C04F79EFBC}") = "Unity.VisualScripting.Shared.Editor", "Unity.VisualScripting.Shared.Editor.csproj", "{E56BBB0A-AE28-F0AC-993D-D1A06AC77A0F}"
EndProject
Project("{FAE04EC0-301F-11D3-BF4B-00C04F79EFBC}") = "Assembly-CSharp-Editor", "Assembly-CSharp-Editor.csproj", "{E28EEA74-083A-8FF3-9995-9A870DE954EC}"
EndProject
Project("{FAE04EC0-301F-11D3-BF4B-00C04F79EFBC}") = "UnityEngine.UI", "UnityEngine.UI.Player.csproj", "{1734228C-31E6-F960-991D-CE05B6D1A17C}"
EndProject
Project("{FAE04EC0-301F-11D3-BF4B-00C04F79EFBC}") = "Unity.RenderPipelines.Core.Runtime", "Unity.RenderPipelines.Core.Runtime.Player.csproj", "{A78A9E9B-B0B8-1843-F3A2-618A2F777CD7}"
EndProject
Project("{FAE04EC0-301F-11D3-BF4B-00C04F79EFBC}") = "UnityEngine.TestRunner", "UnityEngine.TestRunner.Player.csproj", "{6F8325AC-7FDF-8E24-AADB-2507A531D0CC}"
EndProject
Project("{FAE04EC0-301F-11D3-BF4B-00C04F79EFBC}") = "Unity.InputSystem", "Unity.InputSystem.Player.csproj", "{7189420E-C4AC-928E-2AB5-74335B80C603}"
EndProject
Project("{FAE04EC0-301F-11D3-BF4B-00C04F79EFBC}") = "Unity.VisualScripting.State", "Unity.VisualScripting.State.Player.csproj", "{70184BB2-6F7F-BF55-4CD1-6C5417D3276E}"
EndProject
Project("{FAE04EC0-301F-11D3-BF4B-00C04F79EFBC}") = "Unity.RenderPipelines.Universal.Runtime", "Unity.RenderPipelines.Universal.Runtime.Player.csproj", "{84FE7ECF-3E7D-8EC3-9179-1B397A15B56B}"
EndProject
Project("{FAE04EC0-301F-11D3-BF4B-00C04F79EFBC}") = "Unity.VisualScripting.Flow", "Unity.VisualScripting.Flow.Player.csproj", "{1BEF7047-C61C-B95A-1121-866BAF282893}"
EndProject
Project("{FAE04EC0-301F-11D3-BF4B-00C04F79EFBC}") = "Unity.VisualScripting.Core", "Unity.VisualScripting.Core.Player.csproj", "{F1E9A730-61FA-DC48-6BAD-F7E272189C05}"
EndProject
Project("{FAE04EC0-301F-11D3-BF4B-00C04F79EFBC}") = "Unity.2D.Animation.Runtime", "Unity.2D.Animation.Runtime.Player.csproj", "{A9ED7E53-8B08-F0FE-29AC-1D77C515A415}"
EndProject
Project("{FAE04EC0-301F-11D3-BF4B-00C04F79EFBC}") = "Unity.TextMeshPro", "Unity.TextMeshPro.Player.csproj", "{1008874A-75CC-737B-F565-64B01EE31CC7}"
EndProject
Project("{FAE04EC0-301F-11D3-BF4B-00C04F79EFBC}") = "Unity.Burst", "Unity.Burst.Player.csproj", "{88FF6E0E-922A-4702-6B84-5A3ABF57EB27}"
EndProject
Project("{FAE04EC0-301F-11D3-BF4B-00C04F79EFBC}") = "Assembly-CSharp", "Assembly-CSharp.Player.csproj", "{04513BE6-433F-C0EE-B908-90136C080671}"
EndProject
Project("{FAE04EC0-301F-11D3-BF4B-00C04F79EFBC}") = "Unity.RenderPipeline.Universal.ShaderLibrary", "Unity.RenderPipeline.Universal.ShaderLibrary.Player.csproj", "{C119EDA1-823F-40D7-EF77-9D6B69D3C292}"
EndProject
Project("{FAE04EC0-301F-11D3-BF4B-00C04F79EFBC}") = "Unity.2D.SpriteShape.Runtime", "Unity.2D.SpriteShape.Runtime.Player.csproj", "{5F2407AE-8F73-92B4-CDFC-08A721FEE736}"
EndProject
Project("{FAE04EC0-301F-11D3-BF4B-00C04F79EFBC}") = "Unity.Timeline", "Unity.Timeline.Player.csproj", "{66601C01-BA04-547F-599D-6544E7921CB5}"
EndProject
Project("{FAE04EC0-301F-11D3-BF4B-00C04F79EFBC}") = "Unity.Mathematics", "Unity.Mathematics.Player.csproj", "{DA0D3B2F-38F7-1BB9-4C02-EA44EB6E1967}"
EndProject
Project("{FAE04EC0-301F-11D3-BF4B-00C04F79EFBC}") = "Unity.2D.PixelPerfect", "Unity.2D.PixelPerfect.Player.csproj", "{58E0DC9E-A9A3-C29A-EAD5-2253A3801456}"
EndProject
Project("{FAE04EC0-301F-11D3-BF4B-00C04F79EFBC}") = "Unity.2D.IK.Runtime", "Unity.2D.IK.Runtime.Player.csproj", "{D1C420B6-5199-9BD1-3EB1-20627DCE8678}"
EndProject
Project("{FAE04EC0-301F-11D3-BF4B-00C04F79EFBC}") = "Unity.Recorder", "Unity.Recorder.Player.csproj", "{5D9CDBA9-29EF-0DBD-AB97-47ED1687A287}"
EndProject
Project("{FAE04EC0-301F-11D3-BF4B-00C04F79EFBC}") = "Unity.2D.Common.Runtime", "Unity.2D.Common.Runtime.Player.csproj", "{FB9CE8D6-0428-F741-438F-D5B766BBC92E}"
EndProject
Project("{FAE04EC0-301F-11D3-BF4B-00C04F79EFBC}") = "Unity.2D.Tilemap.Extras", "Unity.2D.Tilemap.Extras.Player.csproj", "{14DDBF4A-1B2B-D301-1B7F-54CAFDD73257}"
EndProject
Project("{FAE04EC0-301F-11D3-BF4B-00C04F79EFBC}") = "Unity.RenderPipelines.ShaderGraph.ShaderGraphLibrary", "Unity.RenderPipelines.ShaderGraph.ShaderGraphLibrary.Player.csproj", "{B7612157-6714-092D-B0F4-51B473DB786F}"
EndProject
Project("{FAE04EC0-301F-11D3-BF4B-00C04F79EFBC}") = "Unity.InputSystem.TestFramework", "Unity.InputSystem.TestFramework.Player.csproj", "{5AD9AD2F-1318-0157-AACB-CF563E76E755}"
EndProject
Project("{FAE04EC0-301F-11D3-BF4B-00C04F79EFBC}") = "Unity.RenderPipelines.Core.ShaderLibrary", "Unity.RenderPipelines.Core.ShaderLibrary.Player.csproj", "{7E18E57B-C040-101A-D88B-74C09818B88E}"
EndProject
Project("{FAE04EC0-301F-11D3-BF4B-00C04F79EFBC}") = "Unity.InternalAPIEngineBridge.001", "Unity.InternalAPIEngineBridge.001.Player.csproj", "{8E8B0E39-AC8E-0BC4-98E7-538123714F44}"
EndProject
Project("{FAE04EC0-301F-11D3-BF4B-00C04F79EFBC}") = "Unity.Recorder.Base", "Unity.Recorder.Base.Player.csproj", "{3AAE529B-F51B-36A7-6475-33218F24994A}"
EndProject
Project("{FAE04EC0-301F-11D3-BF4B-00C04F79EFBC}") = "Unity.RenderPipelines.Universal.Shaders", "Unity.RenderPipelines.Universal.Shaders.Player.csproj", "{2EF46A37-5905-7C76-D48F-FA66ECE78851}"
EndProject
Global
	GlobalSection(SolutionConfigurationPlatforms) = preSolution
		Debug|Any CPU = Debug|Any CPU
		Release|Any CPU = Release|Any CPU
	EndGlobalSection
	GlobalSection(ProjectConfigurationPlatforms) = postSolution
		{B4B7ACB1-01A9-D3A2-46AD-C8FDC02D7C90}.Debug|Any CPU.ActiveCfg = Debug|Any CPU
		{B4B7ACB1-01A9-D3A2-46AD-C8FDC02D7C90}.Debug|Any CPU.Build.0 = Debug|Any CPU
		{B4B7ACB1-01A9-D3A2-46AD-C8FDC02D7C90}.Release|Any CPU.ActiveCfg = Release|Any CPU
		{B4B7ACB1-01A9-D3A2-46AD-C8FDC02D7C90}.Release|Any CPU.Build.0 = Release|Any CPU
		{97DE2FC8-57BE-2B16-61FE-338C227F67C8}.Debug|Any CPU.ActiveCfg = Debug|Any CPU
		{97DE2FC8-57BE-2B16-61FE-338C227F67C8}.Debug|Any CPU.Build.0 = Debug|Any CPU
		{97DE2FC8-57BE-2B16-61FE-338C227F67C8}.Release|Any CPU.ActiveCfg = Release|Any CPU
		{97DE2FC8-57BE-2B16-61FE-338C227F67C8}.Release|Any CPU.Build.0 = Release|Any CPU
		{D0915B05-5F10-2743-AFB1-805440C0866A}.Debug|Any CPU.ActiveCfg = Debug|Any CPU
		{D0915B05-5F10-2743-AFB1-805440C0866A}.Debug|Any CPU.Build.0 = Debug|Any CPU
		{D0915B05-5F10-2743-AFB1-805440C0866A}.Release|Any CPU.ActiveCfg = Release|Any CPU
		{D0915B05-5F10-2743-AFB1-805440C0866A}.Release|Any CPU.Build.0 = Release|Any CPU
		{BDBB1BF3-6882-C838-9A80-1CF7AB3D5DDC}.Debug|Any CPU.ActiveCfg = Debug|Any CPU
		{BDBB1BF3-6882-C838-9A80-1CF7AB3D5DDC}.Debug|Any CPU.Build.0 = Debug|Any CPU
		{BDBB1BF3-6882-C838-9A80-1CF7AB3D5DDC}.Release|Any CPU.ActiveCfg = Release|Any CPU
		{BDBB1BF3-6882-C838-9A80-1CF7AB3D5DDC}.Release|Any CPU.Build.0 = Release|Any CPU
		{1A92398C-379C-EF7A-1BBD-F93355F7ED18}.Debug|Any CPU.ActiveCfg = Debug|Any CPU
		{1A92398C-379C-EF7A-1BBD-F93355F7ED18}.Debug|Any CPU.Build.0 = Debug|Any CPU
		{1A92398C-379C-EF7A-1BBD-F93355F7ED18}.Release|Any CPU.ActiveCfg = Release|Any CPU
		{1A92398C-379C-EF7A-1BBD-F93355F7ED18}.Release|Any CPU.Build.0 = Release|Any CPU
		{67985518-E2F9-3C88-2CF6-CD2493A1AABA}.Debug|Any CPU.ActiveCfg = Debug|Any CPU
		{67985518-E2F9-3C88-2CF6-CD2493A1AABA}.Debug|Any CPU.Build.0 = Debug|Any CPU
		{67985518-E2F9-3C88-2CF6-CD2493A1AABA}.Release|Any CPU.ActiveCfg = Release|Any CPU
		{67985518-E2F9-3C88-2CF6-CD2493A1AABA}.Release|Any CPU.Build.0 = Release|Any CPU
		{9BC6A111-BF43-4829-A7B4-BC34C162949B}.Debug|Any CPU.ActiveCfg = Debug|Any CPU
		{9BC6A111-BF43-4829-A7B4-BC34C162949B}.Debug|Any CPU.Build.0 = Debug|Any CPU
		{9BC6A111-BF43-4829-A7B4-BC34C162949B}.Release|Any CPU.ActiveCfg = Release|Any CPU
		{9BC6A111-BF43-4829-A7B4-BC34C162949B}.Release|Any CPU.Build.0 = Release|Any CPU
		{DAB625A0-C8FB-4DAF-5BE4-3DBB972E5CA0}.Debug|Any CPU.ActiveCfg = Debug|Any CPU
		{DAB625A0-C8FB-4DAF-5BE4-3DBB972E5CA0}.Debug|Any CPU.Build.0 = Debug|Any CPU
		{DAB625A0-C8FB-4DAF-5BE4-3DBB972E5CA0}.Release|Any CPU.ActiveCfg = Release|Any CPU
		{DAB625A0-C8FB-4DAF-5BE4-3DBB972E5CA0}.Release|Any CPU.Build.0 = Release|Any CPU
		{11F8F973-93F7-ABB1-4E88-6E62DBED01B6}.Debug|Any CPU.ActiveCfg = Debug|Any CPU
		{11F8F973-93F7-ABB1-4E88-6E62DBED01B6}.Debug|Any CPU.Build.0 = Debug|Any CPU
		{11F8F973-93F7-ABB1-4E88-6E62DBED01B6}.Release|Any CPU.ActiveCfg = Release|Any CPU
		{11F8F973-93F7-ABB1-4E88-6E62DBED01B6}.Release|Any CPU.Build.0 = Release|Any CPU
		{28B16DDF-0CE4-40F2-CC06-6EF999AC4D98}.Debug|Any CPU.ActiveCfg = Debug|Any CPU
		{28B16DDF-0CE4-40F2-CC06-6EF999AC4D98}.Debug|Any CPU.Build.0 = Debug|Any CPU
		{28B16DDF-0CE4-40F2-CC06-6EF999AC4D98}.Release|Any CPU.ActiveCfg = Release|Any CPU
		{28B16DDF-0CE4-40F2-CC06-6EF999AC4D98}.Release|Any CPU.Build.0 = Release|Any CPU
		{F5EB9FB2-76A8-F8AC-1302-2396D2A4A054}.Debug|Any CPU.ActiveCfg = Debug|Any CPU
		{F5EB9FB2-76A8-F8AC-1302-2396D2A4A054}.Debug|Any CPU.Build.0 = Debug|Any CPU
		{F5EB9FB2-76A8-F8AC-1302-2396D2A4A054}.Release|Any CPU.ActiveCfg = Release|Any CPU
		{F5EB9FB2-76A8-F8AC-1302-2396D2A4A054}.Release|Any CPU.Build.0 = Release|Any CPU
		{A5AAFA1F-84A5-53C1-4FD2-7DB3372E4750}.Debug|Any CPU.ActiveCfg = Debug|Any CPU
		{A5AAFA1F-84A5-53C1-4FD2-7DB3372E4750}.Debug|Any CPU.Build.0 = Debug|Any CPU
		{A5AAFA1F-84A5-53C1-4FD2-7DB3372E4750}.Release|Any CPU.ActiveCfg = Release|Any CPU
		{A5AAFA1F-84A5-53C1-4FD2-7DB3372E4750}.Release|Any CPU.Build.0 = Release|Any CPU
		{FFB9C748-531B-86B3-A492-03BFD395E9B1}.Debug|Any CPU.ActiveCfg = Debug|Any CPU
		{FFB9C748-531B-86B3-A492-03BFD395E9B1}.Debug|Any CPU.Build.0 = Debug|Any CPU
		{FFB9C748-531B-86B3-A492-03BFD395E9B1}.Release|Any CPU.ActiveCfg = Release|Any CPU
		{FFB9C748-531B-86B3-A492-03BFD395E9B1}.Release|Any CPU.Build.0 = Release|Any CPU
		{116E4369-CB0C-7D85-7672-C048C11B811E}.Debug|Any CPU.ActiveCfg = Debug|Any CPU
		{116E4369-CB0C-7D85-7672-C048C11B811E}.Debug|Any CPU.Build.0 = Debug|Any CPU
		{116E4369-CB0C-7D85-7672-C048C11B811E}.Release|Any CPU.ActiveCfg = Release|Any CPU
		{116E4369-CB0C-7D85-7672-C048C11B811E}.Release|Any CPU.Build.0 = Release|Any CPU
		{055B2033-F43F-786E-F471-29C0C41FBE41}.Debug|Any CPU.ActiveCfg = Debug|Any CPU
		{055B2033-F43F-786E-F471-29C0C41FBE41}.Debug|Any CPU.Build.0 = Debug|Any CPU
		{055B2033-F43F-786E-F471-29C0C41FBE41}.Release|Any CPU.ActiveCfg = Release|Any CPU
		{055B2033-F43F-786E-F471-29C0C41FBE41}.Release|Any CPU.Build.0 = Release|Any CPU
		{77F40CBA-9695-1BC9-5FB0-52F5A780E272}.Debug|Any CPU.ActiveCfg = Debug|Any CPU
		{77F40CBA-9695-1BC9-5FB0-52F5A780E272}.Debug|Any CPU.Build.0 = Debug|Any CPU
		{77F40CBA-9695-1BC9-5FB0-52F5A780E272}.Release|Any CPU.ActiveCfg = Release|Any CPU
		{77F40CBA-9695-1BC9-5FB0-52F5A780E272}.Release|Any CPU.Build.0 = Release|Any CPU
		{C5CF8F8A-1FC7-DDD7-E1A9-3B034BA0DAF6}.Debug|Any CPU.ActiveCfg = Debug|Any CPU
		{C5CF8F8A-1FC7-DDD7-E1A9-3B034BA0DAF6}.Debug|Any CPU.Build.0 = Debug|Any CPU
		{C5CF8F8A-1FC7-DDD7-E1A9-3B034BA0DAF6}.Release|Any CPU.ActiveCfg = Release|Any CPU
		{C5CF8F8A-1FC7-DDD7-E1A9-3B034BA0DAF6}.Release|Any CPU.Build.0 = Release|Any CPU
		{A147E843-C3C6-A49F-19A3-57A1A3FD468E}.Debug|Any CPU.ActiveCfg = Debug|Any CPU
		{A147E843-C3C6-A49F-19A3-57A1A3FD468E}.Debug|Any CPU.Build.0 = Debug|Any CPU
		{A147E843-C3C6-A49F-19A3-57A1A3FD468E}.Release|Any CPU.ActiveCfg = Release|Any CPU
		{A147E843-C3C6-A49F-19A3-57A1A3FD468E}.Release|Any CPU.Build.0 = Release|Any CPU
		{D04A2C27-7DE1-436C-FE2F-5937461C53BA}.Debug|Any CPU.ActiveCfg = Debug|Any CPU
		{D04A2C27-7DE1-436C-FE2F-5937461C53BA}.Debug|Any CPU.Build.0 = Debug|Any CPU
		{D04A2C27-7DE1-436C-FE2F-5937461C53BA}.Release|Any CPU.ActiveCfg = Release|Any CPU
		{D04A2C27-7DE1-436C-FE2F-5937461C53BA}.Release|Any CPU.Build.0 = Release|Any CPU
		{0042D7E1-B360-7788-7DAC-206E2EA6D0E1}.Debug|Any CPU.ActiveCfg = Debug|Any CPU
		{0042D7E1-B360-7788-7DAC-206E2EA6D0E1}.Debug|Any CPU.Build.0 = Debug|Any CPU
		{0042D7E1-B360-7788-7DAC-206E2EA6D0E1}.Release|Any CPU.ActiveCfg = Release|Any CPU
		{0042D7E1-B360-7788-7DAC-206E2EA6D0E1}.Release|Any CPU.Build.0 = Release|Any CPU
		{9814FAAF-1390-433F-32C0-74F08D613786}.Debug|Any CPU.ActiveCfg = Debug|Any CPU
		{9814FAAF-1390-433F-32C0-74F08D613786}.Debug|Any CPU.Build.0 = Debug|Any CPU
		{9814FAAF-1390-433F-32C0-74F08D613786}.Release|Any CPU.ActiveCfg = Release|Any CPU
		{9814FAAF-1390-433F-32C0-74F08D613786}.Release|Any CPU.Build.0 = Release|Any CPU
		{3821A202-0C96-5D3B-23BA-1AD2342F02BE}.Debug|Any CPU.ActiveCfg = Debug|Any CPU
		{3821A202-0C96-5D3B-23BA-1AD2342F02BE}.Debug|Any CPU.Build.0 = Debug|Any CPU
		{3821A202-0C96-5D3B-23BA-1AD2342F02BE}.Release|Any CPU.ActiveCfg = Release|Any CPU
		{3821A202-0C96-5D3B-23BA-1AD2342F02BE}.Release|Any CPU.Build.0 = Release|Any CPU
		{43EF3DEB-8684-A091-CAF0-BC92E3E44ED1}.Debug|Any CPU.ActiveCfg = Debug|Any CPU
		{43EF3DEB-8684-A091-CAF0-BC92E3E44ED1}.Debug|Any CPU.Build.0 = Debug|Any CPU
		{43EF3DEB-8684-A091-CAF0-BC92E3E44ED1}.Release|Any CPU.ActiveCfg = Release|Any CPU
		{43EF3DEB-8684-A091-CAF0-BC92E3E44ED1}.Release|Any CPU.Build.0 = Release|Any CPU
		{16D365CD-4A82-6CF1-456A-09AA163213F6}.Debug|Any CPU.ActiveCfg = Debug|Any CPU
		{16D365CD-4A82-6CF1-456A-09AA163213F6}.Debug|Any CPU.Build.0 = Debug|Any CPU
		{16D365CD-4A82-6CF1-456A-09AA163213F6}.Release|Any CPU.ActiveCfg = Release|Any CPU
		{16D365CD-4A82-6CF1-456A-09AA163213F6}.Release|Any CPU.Build.0 = Release|Any CPU
		{A308E66B-0FE1-E66C-6BAF-17F87A5BF877}.Debug|Any CPU.ActiveCfg = Debug|Any CPU
		{A308E66B-0FE1-E66C-6BAF-17F87A5BF877}.Debug|Any CPU.Build.0 = Debug|Any CPU
		{A308E66B-0FE1-E66C-6BAF-17F87A5BF877}.Release|Any CPU.ActiveCfg = Release|Any CPU
		{A308E66B-0FE1-E66C-6BAF-17F87A5BF877}.Release|Any CPU.Build.0 = Release|Any CPU
		{07A88ACC-E44E-97AE-C3CB-E1237E451A71}.Debug|Any CPU.ActiveCfg = Debug|Any CPU
		{07A88ACC-E44E-97AE-C3CB-E1237E451A71}.Debug|Any CPU.Build.0 = Debug|Any CPU
		{07A88ACC-E44E-97AE-C3CB-E1237E451A71}.Release|Any CPU.ActiveCfg = Release|Any CPU
		{07A88ACC-E44E-97AE-C3CB-E1237E451A71}.Release|Any CPU.Build.0 = Release|Any CPU
		{C4504FEB-4EC6-FDD4-3708-C7252BDF2F25}.Debug|Any CPU.ActiveCfg = Debug|Any CPU
		{C4504FEB-4EC6-FDD4-3708-C7252BDF2F25}.Debug|Any CPU.Build.0 = Debug|Any CPU
		{C4504FEB-4EC6-FDD4-3708-C7252BDF2F25}.Release|Any CPU.ActiveCfg = Release|Any CPU
		{C4504FEB-4EC6-FDD4-3708-C7252BDF2F25}.Release|Any CPU.Build.0 = Release|Any CPU
		{D562213B-8DFC-FC2E-8C16-840207246454}.Debug|Any CPU.ActiveCfg = Debug|Any CPU
		{D562213B-8DFC-FC2E-8C16-840207246454}.Debug|Any CPU.Build.0 = Debug|Any CPU
		{D562213B-8DFC-FC2E-8C16-840207246454}.Release|Any CPU.ActiveCfg = Release|Any CPU
		{D562213B-8DFC-FC2E-8C16-840207246454}.Release|Any CPU.Build.0 = Release|Any CPU
		{337D1653-FF16-B91E-C88A-B4C074B2AD83}.Debug|Any CPU.ActiveCfg = Debug|Any CPU
		{337D1653-FF16-B91E-C88A-B4C074B2AD83}.Debug|Any CPU.Build.0 = Debug|Any CPU
		{337D1653-FF16-B91E-C88A-B4C074B2AD83}.Release|Any CPU.ActiveCfg = Release|Any CPU
		{337D1653-FF16-B91E-C88A-B4C074B2AD83}.Release|Any CPU.Build.0 = Release|Any CPU
		{A043EA8E-ADA1-3B8D-AEA9-0E9301F3BA8B}.Debug|Any CPU.ActiveCfg = Debug|Any CPU
		{A043EA8E-ADA1-3B8D-AEA9-0E9301F3BA8B}.Debug|Any CPU.Build.0 = Debug|Any CPU
		{A043EA8E-ADA1-3B8D-AEA9-0E9301F3BA8B}.Release|Any CPU.ActiveCfg = Release|Any CPU
		{A043EA8E-ADA1-3B8D-AEA9-0E9301F3BA8B}.Release|Any CPU.Build.0 = Release|Any CPU
		{996D6FE7-E988-0F20-61B2-95EA38FF2468}.Debug|Any CPU.ActiveCfg = Debug|Any CPU
		{996D6FE7-E988-0F20-61B2-95EA38FF2468}.Debug|Any CPU.Build.0 = Debug|Any CPU
		{996D6FE7-E988-0F20-61B2-95EA38FF2468}.Release|Any CPU.ActiveCfg = Release|Any CPU
		{996D6FE7-E988-0F20-61B2-95EA38FF2468}.Release|Any CPU.Build.0 = Release|Any CPU
		{22ABD854-F20E-505E-2164-E514726979C5}.Debug|Any CPU.ActiveCfg = Debug|Any CPU
		{22ABD854-F20E-505E-2164-E514726979C5}.Debug|Any CPU.Build.0 = Debug|Any CPU
		{22ABD854-F20E-505E-2164-E514726979C5}.Release|Any CPU.ActiveCfg = Release|Any CPU
		{22ABD854-F20E-505E-2164-E514726979C5}.Release|Any CPU.Build.0 = Release|Any CPU
		{C21D618E-005D-8FFB-17C8-6EF6F836EF26}.Debug|Any CPU.ActiveCfg = Debug|Any CPU
		{C21D618E-005D-8FFB-17C8-6EF6F836EF26}.Debug|Any CPU.Build.0 = Debug|Any CPU
		{C21D618E-005D-8FFB-17C8-6EF6F836EF26}.Release|Any CPU.ActiveCfg = Release|Any CPU
		{C21D618E-005D-8FFB-17C8-6EF6F836EF26}.Release|Any CPU.Build.0 = Release|Any CPU
		{CF5033FF-0587-E3F2-13EA-DF2E2B07F965}.Debug|Any CPU.ActiveCfg = Debug|Any CPU
		{CF5033FF-0587-E3F2-13EA-DF2E2B07F965}.Debug|Any CPU.Build.0 = Debug|Any CPU
		{CF5033FF-0587-E3F2-13EA-DF2E2B07F965}.Release|Any CPU.ActiveCfg = Release|Any CPU
		{CF5033FF-0587-E3F2-13EA-DF2E2B07F965}.Release|Any CPU.Build.0 = Release|Any CPU
		{82A66E92-2C18-63AD-3A87-18FA15F28B75}.Debug|Any CPU.ActiveCfg = Debug|Any CPU
		{82A66E92-2C18-63AD-3A87-18FA15F28B75}.Debug|Any CPU.Build.0 = Debug|Any CPU
		{82A66E92-2C18-63AD-3A87-18FA15F28B75}.Release|Any CPU.ActiveCfg = Release|Any CPU
		{82A66E92-2C18-63AD-3A87-18FA15F28B75}.Release|Any CPU.Build.0 = Release|Any CPU
		{ECC25B26-9A0A-1540-9B16-8FED4AE02EB0}.Debug|Any CPU.ActiveCfg = Debug|Any CPU
		{ECC25B26-9A0A-1540-9B16-8FED4AE02EB0}.Debug|Any CPU.Build.0 = Debug|Any CPU
		{ECC25B26-9A0A-1540-9B16-8FED4AE02EB0}.Release|Any CPU.ActiveCfg = Release|Any CPU
		{ECC25B26-9A0A-1540-9B16-8FED4AE02EB0}.Release|Any CPU.Build.0 = Release|Any CPU
		{6DC9AF70-FE14-B6FC-F8D6-7BFDF3308D39}.Debug|Any CPU.ActiveCfg = Debug|Any CPU
		{6DC9AF70-FE14-B6FC-F8D6-7BFDF3308D39}.Debug|Any CPU.Build.0 = Debug|Any CPU
		{6DC9AF70-FE14-B6FC-F8D6-7BFDF3308D39}.Release|Any CPU.ActiveCfg = Release|Any CPU
		{6DC9AF70-FE14-B6FC-F8D6-7BFDF3308D39}.Release|Any CPU.Build.0 = Release|Any CPU
		{13A7688E-9B28-8B1E-CD22-973D56CFF8DA}.Debug|Any CPU.ActiveCfg = Debug|Any CPU
		{13A7688E-9B28-8B1E-CD22-973D56CFF8DA}.Debug|Any CPU.Build.0 = Debug|Any CPU
		{13A7688E-9B28-8B1E-CD22-973D56CFF8DA}.Release|Any CPU.ActiveCfg = Release|Any CPU
		{13A7688E-9B28-8B1E-CD22-973D56CFF8DA}.Release|Any CPU.Build.0 = Release|Any CPU
		{5C5947D7-12DC-EED6-152E-2B0D862D8321}.Debug|Any CPU.ActiveCfg = Debug|Any CPU
		{5C5947D7-12DC-EED6-152E-2B0D862D8321}.Debug|Any CPU.Build.0 = Debug|Any CPU
		{5C5947D7-12DC-EED6-152E-2B0D862D8321}.Release|Any CPU.ActiveCfg = Release|Any CPU
		{5C5947D7-12DC-EED6-152E-2B0D862D8321}.Release|Any CPU.Build.0 = Release|Any CPU
		{34F8503E-57C2-4E33-3079-626705918082}.Debug|Any CPU.ActiveCfg = Debug|Any CPU
		{34F8503E-57C2-4E33-3079-626705918082}.Debug|Any CPU.Build.0 = Debug|Any CPU
		{34F8503E-57C2-4E33-3079-626705918082}.Release|Any CPU.ActiveCfg = Release|Any CPU
		{34F8503E-57C2-4E33-3079-626705918082}.Release|Any CPU.Build.0 = Release|Any CPU
		{2CDF249A-B55E-42DA-3BC4-3761FF289C04}.Debug|Any CPU.ActiveCfg = Debug|Any CPU
		{2CDF249A-B55E-42DA-3BC4-3761FF289C04}.Debug|Any CPU.Build.0 = Debug|Any CPU
		{2CDF249A-B55E-42DA-3BC4-3761FF289C04}.Release|Any CPU.ActiveCfg = Release|Any CPU
		{2CDF249A-B55E-42DA-3BC4-3761FF289C04}.Release|Any CPU.Build.0 = Release|Any CPU
		{89E364EA-8701-6397-7283-41FF34832CB8}.Debug|Any CPU.ActiveCfg = Debug|Any CPU
		{89E364EA-8701-6397-7283-41FF34832CB8}.Debug|Any CPU.Build.0 = Debug|Any CPU
		{89E364EA-8701-6397-7283-41FF34832CB8}.Release|Any CPU.ActiveCfg = Release|Any CPU
		{89E364EA-8701-6397-7283-41FF34832CB8}.Release|Any CPU.Build.0 = Release|Any CPU
		{FAC403C3-83FB-4087-1009-E467236E59F9}.Debug|Any CPU.ActiveCfg = Debug|Any CPU
		{FAC403C3-83FB-4087-1009-E467236E59F9}.Debug|Any CPU.Build.0 = Debug|Any CPU
		{FAC403C3-83FB-4087-1009-E467236E59F9}.Release|Any CPU.ActiveCfg = Release|Any CPU
		{FAC403C3-83FB-4087-1009-E467236E59F9}.Release|Any CPU.Build.0 = Release|Any CPU
		{AB150598-39EB-B070-2163-C24FC1BB8B12}.Debug|Any CPU.ActiveCfg = Debug|Any CPU
		{AB150598-39EB-B070-2163-C24FC1BB8B12}.Debug|Any CPU.Build.0 = Debug|Any CPU
		{AB150598-39EB-B070-2163-C24FC1BB8B12}.Release|Any CPU.ActiveCfg = Release|Any CPU
		{AB150598-39EB-B070-2163-C24FC1BB8B12}.Release|Any CPU.Build.0 = Release|Any CPU
		{3FBDF24E-1CB0-3069-ECE6-9DA9A217397A}.Debug|Any CPU.ActiveCfg = Debug|Any CPU
		{3FBDF24E-1CB0-3069-ECE6-9DA9A217397A}.Debug|Any CPU.Build.0 = Debug|Any CPU
		{3FBDF24E-1CB0-3069-ECE6-9DA9A217397A}.Release|Any CPU.ActiveCfg = Release|Any CPU
		{3FBDF24E-1CB0-3069-ECE6-9DA9A217397A}.Release|Any CPU.Build.0 = Release|Any CPU
		{3C8A435F-B44F-F2B4-41B4-E4EFEE9E1E79}.Debug|Any CPU.ActiveCfg = Debug|Any CPU
		{3C8A435F-B44F-F2B4-41B4-E4EFEE9E1E79}.Debug|Any CPU.Build.0 = Debug|Any CPU
		{3C8A435F-B44F-F2B4-41B4-E4EFEE9E1E79}.Release|Any CPU.ActiveCfg = Release|Any CPU
		{3C8A435F-B44F-F2B4-41B4-E4EFEE9E1E79}.Release|Any CPU.Build.0 = Release|Any CPU
		{C5E5D544-B4C6-B032-CC57-F90768EDDC8D}.Debug|Any CPU.ActiveCfg = Debug|Any CPU
		{C5E5D544-B4C6-B032-CC57-F90768EDDC8D}.Debug|Any CPU.Build.0 = Debug|Any CPU
		{C5E5D544-B4C6-B032-CC57-F90768EDDC8D}.Release|Any CPU.ActiveCfg = Release|Any CPU
		{C5E5D544-B4C6-B032-CC57-F90768EDDC8D}.Release|Any CPU.Build.0 = Release|Any CPU
		{C84095A1-6C83-BFBC-7224-B1E499922006}.Debug|Any CPU.ActiveCfg = Debug|Any CPU
		{C84095A1-6C83-BFBC-7224-B1E499922006}.Debug|Any CPU.Build.0 = Debug|Any CPU
		{C84095A1-6C83-BFBC-7224-B1E499922006}.Release|Any CPU.ActiveCfg = Release|Any CPU
		{C84095A1-6C83-BFBC-7224-B1E499922006}.Release|Any CPU.Build.0 = Release|Any CPU
		{AB2C86CD-AC79-1AD4-3376-F6C7E8A0EC89}.Debug|Any CPU.ActiveCfg = Debug|Any CPU
		{AB2C86CD-AC79-1AD4-3376-F6C7E8A0EC89}.Debug|Any CPU.Build.0 = Debug|Any CPU
		{AB2C86CD-AC79-1AD4-3376-F6C7E8A0EC89}.Release|Any CPU.ActiveCfg = Release|Any CPU
		{AB2C86CD-AC79-1AD4-3376-F6C7E8A0EC89}.Release|Any CPU.Build.0 = Release|Any CPU
		{1E8BE917-43B5-B989-5E02-7315B7F424C8}.Debug|Any CPU.ActiveCfg = Debug|Any CPU
		{1E8BE917-43B5-B989-5E02-7315B7F424C8}.Debug|Any CPU.Build.0 = Debug|Any CPU
		{1E8BE917-43B5-B989-5E02-7315B7F424C8}.Release|Any CPU.ActiveCfg = Release|Any CPU
		{1E8BE917-43B5-B989-5E02-7315B7F424C8}.Release|Any CPU.Build.0 = Release|Any CPU
		{A92C8E61-0523-3DE0-B732-642AC3109F7E}.Debug|Any CPU.ActiveCfg = Debug|Any CPU
		{A92C8E61-0523-3DE0-B732-642AC3109F7E}.Debug|Any CPU.Build.0 = Debug|Any CPU
		{A92C8E61-0523-3DE0-B732-642AC3109F7E}.Release|Any CPU.ActiveCfg = Release|Any CPU
		{A92C8E61-0523-3DE0-B732-642AC3109F7E}.Release|Any CPU.Build.0 = Release|Any CPU
		{98885344-A2FC-AAA2-874A-AB19B79C7B66}.Debug|Any CPU.ActiveCfg = Debug|Any CPU
		{98885344-A2FC-AAA2-874A-AB19B79C7B66}.Debug|Any CPU.Build.0 = Debug|Any CPU
		{98885344-A2FC-AAA2-874A-AB19B79C7B66}.Release|Any CPU.ActiveCfg = Release|Any CPU
		{98885344-A2FC-AAA2-874A-AB19B79C7B66}.Release|Any CPU.Build.0 = Release|Any CPU
		{965F7E29-B90B-CD1B-C7D4-96ACCFE66B05}.Debug|Any CPU.ActiveCfg = Debug|Any CPU
		{965F7E29-B90B-CD1B-C7D4-96ACCFE66B05}.Debug|Any CPU.Build.0 = Debug|Any CPU
		{965F7E29-B90B-CD1B-C7D4-96ACCFE66B05}.Release|Any CPU.ActiveCfg = Release|Any CPU
		{965F7E29-B90B-CD1B-C7D4-96ACCFE66B05}.Release|Any CPU.Build.0 = Release|Any CPU
		{16A45F21-65B4-2AAF-B5D2-CD6ED42AE6D9}.Debug|Any CPU.ActiveCfg = Debug|Any CPU
		{16A45F21-65B4-2AAF-B5D2-CD6ED42AE6D9}.Debug|Any CPU.Build.0 = Debug|Any CPU
		{16A45F21-65B4-2AAF-B5D2-CD6ED42AE6D9}.Release|Any CPU.ActiveCfg = Release|Any CPU
		{16A45F21-65B4-2AAF-B5D2-CD6ED42AE6D9}.Release|Any CPU.Build.0 = Release|Any CPU
		{9A47009A-91B6-C53F-5CAD-18288E880101}.Debug|Any CPU.ActiveCfg = Debug|Any CPU
		{9A47009A-91B6-C53F-5CAD-18288E880101}.Debug|Any CPU.Build.0 = Debug|Any CPU
		{9A47009A-91B6-C53F-5CAD-18288E880101}.Release|Any CPU.ActiveCfg = Release|Any CPU
		{9A47009A-91B6-C53F-5CAD-18288E880101}.Release|Any CPU.Build.0 = Release|Any CPU
		{413E1689-4CD8-EDEA-0DEC-C5E35203DF5A}.Debug|Any CPU.ActiveCfg = Debug|Any CPU
		{413E1689-4CD8-EDEA-0DEC-C5E35203DF5A}.Debug|Any CPU.Build.0 = Debug|Any CPU
		{413E1689-4CD8-EDEA-0DEC-C5E35203DF5A}.Release|Any CPU.ActiveCfg = Release|Any CPU
		{413E1689-4CD8-EDEA-0DEC-C5E35203DF5A}.Release|Any CPU.Build.0 = Release|Any CPU
		{C0F09C79-930C-C082-F831-217BC1F6D281}.Debug|Any CPU.ActiveCfg = Debug|Any CPU
		{C0F09C79-930C-C082-F831-217BC1F6D281}.Debug|Any CPU.Build.0 = Debug|Any CPU
		{C0F09C79-930C-C082-F831-217BC1F6D281}.Release|Any CPU.ActiveCfg = Release|Any CPU
		{C0F09C79-930C-C082-F831-217BC1F6D281}.Release|Any CPU.Build.0 = Release|Any CPU
		{604F96A8-3F3A-8079-0095-4E55467227D5}.Debug|Any CPU.ActiveCfg = Debug|Any CPU
		{604F96A8-3F3A-8079-0095-4E55467227D5}.Debug|Any CPU.Build.0 = Debug|Any CPU
		{604F96A8-3F3A-8079-0095-4E55467227D5}.Release|Any CPU.ActiveCfg = Release|Any CPU
		{604F96A8-3F3A-8079-0095-4E55467227D5}.Release|Any CPU.Build.0 = Release|Any CPU
		{98299BF3-ACD4-683A-2605-B9FB4A6E0A0B}.Debug|Any CPU.ActiveCfg = Debug|Any CPU
		{98299BF3-ACD4-683A-2605-B9FB4A6E0A0B}.Debug|Any CPU.Build.0 = Debug|Any CPU
		{98299BF3-ACD4-683A-2605-B9FB4A6E0A0B}.Release|Any CPU.ActiveCfg = Release|Any CPU
		{98299BF3-ACD4-683A-2605-B9FB4A6E0A0B}.Release|Any CPU.Build.0 = Release|Any CPU
		{BB96EF73-4EE6-6C56-3DE5-DAFF2EB649A4}.Debug|Any CPU.ActiveCfg = Debug|Any CPU
		{BB96EF73-4EE6-6C56-3DE5-DAFF2EB649A4}.Debug|Any CPU.Build.0 = Debug|Any CPU
		{BB96EF73-4EE6-6C56-3DE5-DAFF2EB649A4}.Release|Any CPU.ActiveCfg = Release|Any CPU
		{BB96EF73-4EE6-6C56-3DE5-DAFF2EB649A4}.Release|Any CPU.Build.0 = Release|Any CPU
		{AC621A94-4567-27EF-F997-54A60593C8B4}.Debug|Any CPU.ActiveCfg = Debug|Any CPU
		{AC621A94-4567-27EF-F997-54A60593C8B4}.Debug|Any CPU.Build.0 = Debug|Any CPU
		{AC621A94-4567-27EF-F997-54A60593C8B4}.Release|Any CPU.ActiveCfg = Release|Any CPU
		{AC621A94-4567-27EF-F997-54A60593C8B4}.Release|Any CPU.Build.0 = Release|Any CPU
		{7530C126-E178-8A19-4284-C21EB96F0053}.Debug|Any CPU.ActiveCfg = Debug|Any CPU
		{7530C126-E178-8A19-4284-C21EB96F0053}.Debug|Any CPU.Build.0 = Debug|Any CPU
		{7530C126-E178-8A19-4284-C21EB96F0053}.Release|Any CPU.ActiveCfg = Release|Any CPU
		{7530C126-E178-8A19-4284-C21EB96F0053}.Release|Any CPU.Build.0 = Release|Any CPU
		{797E6D96-BD51-1398-B0AA-7C2369471BBF}.Debug|Any CPU.ActiveCfg = Debug|Any CPU
		{797E6D96-BD51-1398-B0AA-7C2369471BBF}.Debug|Any CPU.Build.0 = Debug|Any CPU
		{797E6D96-BD51-1398-B0AA-7C2369471BBF}.Release|Any CPU.ActiveCfg = Release|Any CPU
		{797E6D96-BD51-1398-B0AA-7C2369471BBF}.Release|Any CPU.Build.0 = Release|Any CPU
		{E56BBB0A-AE28-F0AC-993D-D1A06AC77A0F}.Debug|Any CPU.ActiveCfg = Debug|Any CPU
		{E56BBB0A-AE28-F0AC-993D-D1A06AC77A0F}.Debug|Any CPU.Build.0 = Debug|Any CPU
		{E56BBB0A-AE28-F0AC-993D-D1A06AC77A0F}.Release|Any CPU.ActiveCfg = Release|Any CPU
		{E56BBB0A-AE28-F0AC-993D-D1A06AC77A0F}.Release|Any CPU.Build.0 = Release|Any CPU
		{E28EEA74-083A-8FF3-9995-9A870DE954EC}.Debug|Any CPU.ActiveCfg = Debug|Any CPU
		{E28EEA74-083A-8FF3-9995-9A870DE954EC}.Debug|Any CPU.Build.0 = Debug|Any CPU
		{E28EEA74-083A-8FF3-9995-9A870DE954EC}.Release|Any CPU.ActiveCfg = Release|Any CPU
		{E28EEA74-083A-8FF3-9995-9A870DE954EC}.Release|Any CPU.Build.0 = Release|Any CPU
		{1734228C-31E6-F960-991D-CE05B6D1A17C}.Debug|Any CPU.ActiveCfg = Debug|Any CPU
		{1734228C-31E6-F960-991D-CE05B6D1A17C}.Debug|Any CPU.Build.0 = Debug|Any CPU
		{1734228C-31E6-F960-991D-CE05B6D1A17C}.Release|Any CPU.ActiveCfg = Release|Any CPU
		{1734228C-31E6-F960-991D-CE05B6D1A17C}.Release|Any CPU.Build.0 = Release|Any CPU
		{A78A9E9B-B0B8-1843-F3A2-618A2F777CD7}.Debug|Any CPU.ActiveCfg = Debug|Any CPU
		{A78A9E9B-B0B8-1843-F3A2-618A2F777CD7}.Debug|Any CPU.Build.0 = Debug|Any CPU
		{A78A9E9B-B0B8-1843-F3A2-618A2F777CD7}.Release|Any CPU.ActiveCfg = Release|Any CPU
		{A78A9E9B-B0B8-1843-F3A2-618A2F777CD7}.Release|Any CPU.Build.0 = Release|Any CPU
		{6F8325AC-7FDF-8E24-AADB-2507A531D0CC}.Debug|Any CPU.ActiveCfg = Debug|Any CPU
		{6F8325AC-7FDF-8E24-AADB-2507A531D0CC}.Debug|Any CPU.Build.0 = Debug|Any CPU
		{6F8325AC-7FDF-8E24-AADB-2507A531D0CC}.Release|Any CPU.ActiveCfg = Release|Any CPU
		{6F8325AC-7FDF-8E24-AADB-2507A531D0CC}.Release|Any CPU.Build.0 = Release|Any CPU
		{7189420E-C4AC-928E-2AB5-74335B80C603}.Debug|Any CPU.ActiveCfg = Debug|Any CPU
		{7189420E-C4AC-928E-2AB5-74335B80C603}.Debug|Any CPU.Build.0 = Debug|Any CPU
		{7189420E-C4AC-928E-2AB5-74335B80C603}.Release|Any CPU.ActiveCfg = Release|Any CPU
		{7189420E-C4AC-928E-2AB5-74335B80C603}.Release|Any CPU.Build.0 = Release|Any CPU
		{70184BB2-6F7F-BF55-4CD1-6C5417D3276E}.Debug|Any CPU.ActiveCfg = Debug|Any CPU
		{70184BB2-6F7F-BF55-4CD1-6C5417D3276E}.Debug|Any CPU.Build.0 = Debug|Any CPU
		{70184BB2-6F7F-BF55-4CD1-6C5417D3276E}.Release|Any CPU.ActiveCfg = Release|Any CPU
		{70184BB2-6F7F-BF55-4CD1-6C5417D3276E}.Release|Any CPU.Build.0 = Release|Any CPU
		{84FE7ECF-3E7D-8EC3-9179-1B397A15B56B}.Debug|Any CPU.ActiveCfg = Debug|Any CPU
		{84FE7ECF-3E7D-8EC3-9179-1B397A15B56B}.Debug|Any CPU.Build.0 = Debug|Any CPU
		{84FE7ECF-3E7D-8EC3-9179-1B397A15B56B}.Release|Any CPU.ActiveCfg = Release|Any CPU
		{84FE7ECF-3E7D-8EC3-9179-1B397A15B56B}.Release|Any CPU.Build.0 = Release|Any CPU
		{1BEF7047-C61C-B95A-1121-866BAF282893}.Debug|Any CPU.ActiveCfg = Debug|Any CPU
		{1BEF7047-C61C-B95A-1121-866BAF282893}.Debug|Any CPU.Build.0 = Debug|Any CPU
		{1BEF7047-C61C-B95A-1121-866BAF282893}.Release|Any CPU.ActiveCfg = Release|Any CPU
		{1BEF7047-C61C-B95A-1121-866BAF282893}.Release|Any CPU.Build.0 = Release|Any CPU
		{F1E9A730-61FA-DC48-6BAD-F7E272189C05}.Debug|Any CPU.ActiveCfg = Debug|Any CPU
		{F1E9A730-61FA-DC48-6BAD-F7E272189C05}.Debug|Any CPU.Build.0 = Debug|Any CPU
		{F1E9A730-61FA-DC48-6BAD-F7E272189C05}.Release|Any CPU.ActiveCfg = Release|Any CPU
		{F1E9A730-61FA-DC48-6BAD-F7E272189C05}.Release|Any CPU.Build.0 = Release|Any CPU
		{A9ED7E53-8B08-F0FE-29AC-1D77C515A415}.Debug|Any CPU.ActiveCfg = Debug|Any CPU
		{A9ED7E53-8B08-F0FE-29AC-1D77C515A415}.Debug|Any CPU.Build.0 = Debug|Any CPU
		{A9ED7E53-8B08-F0FE-29AC-1D77C515A415}.Release|Any CPU.ActiveCfg = Release|Any CPU
		{A9ED7E53-8B08-F0FE-29AC-1D77C515A415}.Release|Any CPU.Build.0 = Release|Any CPU
		{1008874A-75CC-737B-F565-64B01EE31CC7}.Debug|Any CPU.ActiveCfg = Debug|Any CPU
		{1008874A-75CC-737B-F565-64B01EE31CC7}.Debug|Any CPU.Build.0 = Debug|Any CPU
		{1008874A-75CC-737B-F565-64B01EE31CC7}.Release|Any CPU.ActiveCfg = Release|Any CPU
		{1008874A-75CC-737B-F565-64B01EE31CC7}.Release|Any CPU.Build.0 = Release|Any CPU
		{88FF6E0E-922A-4702-6B84-5A3ABF57EB27}.Debug|Any CPU.ActiveCfg = Debug|Any CPU
		{88FF6E0E-922A-4702-6B84-5A3ABF57EB27}.Debug|Any CPU.Build.0 = Debug|Any CPU
		{88FF6E0E-922A-4702-6B84-5A3ABF57EB27}.Release|Any CPU.ActiveCfg = Release|Any CPU
		{88FF6E0E-922A-4702-6B84-5A3ABF57EB27}.Release|Any CPU.Build.0 = Release|Any CPU
		{04513BE6-433F-C0EE-B908-90136C080671}.Debug|Any CPU.ActiveCfg = Debug|Any CPU
		{04513BE6-433F-C0EE-B908-90136C080671}.Debug|Any CPU.Build.0 = Debug|Any CPU
		{04513BE6-433F-C0EE-B908-90136C080671}.Release|Any CPU.ActiveCfg = Release|Any CPU
		{04513BE6-433F-C0EE-B908-90136C080671}.Release|Any CPU.Build.0 = Release|Any CPU
		{C119EDA1-823F-40D7-EF77-9D6B69D3C292}.Debug|Any CPU.ActiveCfg = Debug|Any CPU
		{C119EDA1-823F-40D7-EF77-9D6B69D3C292}.Debug|Any CPU.Build.0 = Debug|Any CPU
		{C119EDA1-823F-40D7-EF77-9D6B69D3C292}.Release|Any CPU.ActiveCfg = Release|Any CPU
		{C119EDA1-823F-40D7-EF77-9D6B69D3C292}.Release|Any CPU.Build.0 = Release|Any CPU
		{5F2407AE-8F73-92B4-CDFC-08A721FEE736}.Debug|Any CPU.ActiveCfg = Debug|Any CPU
		{5F2407AE-8F73-92B4-CDFC-08A721FEE736}.Debug|Any CPU.Build.0 = Debug|Any CPU
		{5F2407AE-8F73-92B4-CDFC-08A721FEE736}.Release|Any CPU.ActiveCfg = Release|Any CPU
		{5F2407AE-8F73-92B4-CDFC-08A721FEE736}.Release|Any CPU.Build.0 = Release|Any CPU
		{66601C01-BA04-547F-599D-6544E7921CB5}.Debug|Any CPU.ActiveCfg = Debug|Any CPU
		{66601C01-BA04-547F-599D-6544E7921CB5}.Debug|Any CPU.Build.0 = Debug|Any CPU
		{66601C01-BA04-547F-599D-6544E7921CB5}.Release|Any CPU.ActiveCfg = Release|Any CPU
		{66601C01-BA04-547F-599D-6544E7921CB5}.Release|Any CPU.Build.0 = Release|Any CPU
		{DA0D3B2F-38F7-1BB9-4C02-EA44EB6E1967}.Debug|Any CPU.ActiveCfg = Debug|Any CPU
		{DA0D3B2F-38F7-1BB9-4C02-EA44EB6E1967}.Debug|Any CPU.Build.0 = Debug|Any CPU
		{DA0D3B2F-38F7-1BB9-4C02-EA44EB6E1967}.Release|Any CPU.ActiveCfg = Release|Any CPU
		{DA0D3B2F-38F7-1BB9-4C02-EA44EB6E1967}.Release|Any CPU.Build.0 = Release|Any CPU
		{58E0DC9E-A9A3-C29A-EAD5-2253A3801456}.Debug|Any CPU.ActiveCfg = Debug|Any CPU
		{58E0DC9E-A9A3-C29A-EAD5-2253A3801456}.Debug|Any CPU.Build.0 = Debug|Any CPU
		{58E0DC9E-A9A3-C29A-EAD5-2253A3801456}.Release|Any CPU.ActiveCfg = Release|Any CPU
		{58E0DC9E-A9A3-C29A-EAD5-2253A3801456}.Release|Any CPU.Build.0 = Release|Any CPU
		{D1C420B6-5199-9BD1-3EB1-20627DCE8678}.Debug|Any CPU.ActiveCfg = Debug|Any CPU
		{D1C420B6-5199-9BD1-3EB1-20627DCE8678}.Debug|Any CPU.Build.0 = Debug|Any CPU
		{D1C420B6-5199-9BD1-3EB1-20627DCE8678}.Release|Any CPU.ActiveCfg = Release|Any CPU
		{D1C420B6-5199-9BD1-3EB1-20627DCE8678}.Release|Any CPU.Build.0 = Release|Any CPU
		{5D9CDBA9-29EF-0DBD-AB97-47ED1687A287}.Debug|Any CPU.ActiveCfg = Debug|Any CPU
		{5D9CDBA9-29EF-0DBD-AB97-47ED1687A287}.Debug|Any CPU.Build.0 = Debug|Any CPU
		{5D9CDBA9-29EF-0DBD-AB97-47ED1687A287}.Release|Any CPU.ActiveCfg = Release|Any CPU
		{5D9CDBA9-29EF-0DBD-AB97-47ED1687A287}.Release|Any CPU.Build.0 = Release|Any CPU
		{FB9CE8D6-0428-F741-438F-D5B766BBC92E}.Debug|Any CPU.ActiveCfg = Debug|Any CPU
		{FB9CE8D6-0428-F741-438F-D5B766BBC92E}.Debug|Any CPU.Build.0 = Debug|Any CPU
		{FB9CE8D6-0428-F741-438F-D5B766BBC92E}.Release|Any CPU.ActiveCfg = Release|Any CPU
		{FB9CE8D6-0428-F741-438F-D5B766BBC92E}.Release|Any CPU.Build.0 = Release|Any CPU
		{14DDBF4A-1B2B-D301-1B7F-54CAFDD73257}.Debug|Any CPU.ActiveCfg = Debug|Any CPU
		{14DDBF4A-1B2B-D301-1B7F-54CAFDD73257}.Debug|Any CPU.Build.0 = Debug|Any CPU
		{14DDBF4A-1B2B-D301-1B7F-54CAFDD73257}.Release|Any CPU.ActiveCfg = Release|Any CPU
		{14DDBF4A-1B2B-D301-1B7F-54CAFDD73257}.Release|Any CPU.Build.0 = Release|Any CPU
		{B7612157-6714-092D-B0F4-51B473DB786F}.Debug|Any CPU.ActiveCfg = Debug|Any CPU
		{B7612157-6714-092D-B0F4-51B473DB786F}.Debug|Any CPU.Build.0 = Debug|Any CPU
		{B7612157-6714-092D-B0F4-51B473DB786F}.Release|Any CPU.ActiveCfg = Release|Any CPU
		{B7612157-6714-092D-B0F4-51B473DB786F}.Release|Any CPU.Build.0 = Release|Any CPU
		{5AD9AD2F-1318-0157-AACB-CF563E76E755}.Debug|Any CPU.ActiveCfg = Debug|Any CPU
		{5AD9AD2F-1318-0157-AACB-CF563E76E755}.Debug|Any CPU.Build.0 = Debug|Any CPU
		{5AD9AD2F-1318-0157-AACB-CF563E76E755}.Release|Any CPU.ActiveCfg = Release|Any CPU
		{5AD9AD2F-1318-0157-AACB-CF563E76E755}.Release|Any CPU.Build.0 = Release|Any CPU
		{7E18E57B-C040-101A-D88B-74C09818B88E}.Debug|Any CPU.ActiveCfg = Debug|Any CPU
		{7E18E57B-C040-101A-D88B-74C09818B88E}.Debug|Any CPU.Build.0 = Debug|Any CPU
		{7E18E57B-C040-101A-D88B-74C09818B88E}.Release|Any CPU.ActiveCfg = Release|Any CPU
		{7E18E57B-C040-101A-D88B-74C09818B88E}.Release|Any CPU.Build.0 = Release|Any CPU
		{8E8B0E39-AC8E-0BC4-98E7-538123714F44}.Debug|Any CPU.ActiveCfg = Debug|Any CPU
		{8E8B0E39-AC8E-0BC4-98E7-538123714F44}.Debug|Any CPU.Build.0 = Debug|Any CPU
		{8E8B0E39-AC8E-0BC4-98E7-538123714F44}.Release|Any CPU.ActiveCfg = Release|Any CPU
		{8E8B0E39-AC8E-0BC4-98E7-538123714F44}.Release|Any CPU.Build.0 = Release|Any CPU
		{3AAE529B-F51B-36A7-6475-33218F24994A}.Debug|Any CPU.ActiveCfg = Debug|Any CPU
		{3AAE529B-F51B-36A7-6475-33218F24994A}.Debug|Any CPU.Build.0 = Debug|Any CPU
		{3AAE529B-F51B-36A7-6475-33218F24994A}.Release|Any CPU.ActiveCfg = Release|Any CPU
		{3AAE529B-F51B-36A7-6475-33218F24994A}.Release|Any CPU.Build.0 = Release|Any CPU
		{2EF46A37-5905-7C76-D48F-FA66ECE78851}.Debug|Any CPU.ActiveCfg = Debug|Any CPU
		{2EF46A37-5905-7C76-D48F-FA66ECE78851}.Debug|Any CPU.Build.0 = Debug|Any CPU
		{2EF46A37-5905-7C76-D48F-FA66ECE78851}.Release|Any CPU.ActiveCfg = Release|Any CPU
		{2EF46A37-5905-7C76-D48F-FA66ECE78851}.Release|Any CPU.Build.0 = Release|Any CPU
	EndGlobalSection
	GlobalSection(SolutionProperties) = preSolution
		HideSolutionNode = FALSE
	EndGlobalSection
EndGlobal
